
Microsoft Visual Studio Solution File, Format Version 12.00
# Visual Studio Version 16
VisualStudioVersion = 16.0.34031.81
MinimumVisualStudioVersion = 10.0.40219.1
Project("{FAE04EC0-301F-11D3-BF4B-00C04F79EFBC}") = "ClientAPIWebDesktop", "ClientAPIWebDesktop\ClientAPIWebDesktop.csproj", "{94F8FC25-B821-490B-BAA2-CA50A050B313}"
EndProject
Global
	GlobalSection(SolutionConfigurationPlatforms) = preSolution
		Debug|Any CPU = Debug|Any CPU
		Release|Any CPU = Release|Any CPU
	EndGlobalSection
	GlobalSection(ProjectConfigurationPlatforms) = postSolution
		{94F8FC25-B821-490B-BAA2-CA50A050B313}.Debug|Any CPU.ActiveCfg = Debug|Any CPU
		{94F8FC25-B821-490B-BAA2-CA50A050B313}.Debug|Any CPU.Build.0 = Debug|Any CPU
		{94F8FC25-B821-490B-BAA2-CA50A050B313}.Release|Any CPU.ActiveCfg = Release|Any CPU
		{94F8FC25-B821-490B-BAA2-CA50A050B313}.Release|Any CPU.Build.0 = Release|Any CPU
	EndGlobalSection
	GlobalSection(SolutionProperties) = preSolution
		HideSolutionNode = FALSE
	EndGlobalSection
	GlobalSection(ExtensibilityGlobals) = postSolution
		SolutionGuid = {20CFB32B-438B-409F-AECC-581E6FE79605}
	EndGlobalSection
EndGlobal
